// !$*UTF8*$!
{
	archiveVersion = 1;
	classes = {
	};
	objectVersion = 50;
	objects = {

/* Begin PBXBuildFile section */
		A33FEE0C2500205900316B54 /* HudView.swift in Sources */ = {isa = PBXBuildFile; fileRef = A33FEE0B2500205900316B54 /* HudView.swift */; };
		A33FEE0F25002DA100316B54 /* Functions.swift in Sources */ = {isa = PBXBuildFile; fileRef = A33FEE0E25002DA100316B54 /* Functions.swift */; };
		A33FEE1225004A8B00316B54 /* DataModel.xcdatamodeld in Sources */ = {isa = PBXBuildFile; fileRef = A33FEE1025004A8B00316B54 /* DataModel.xcdatamodeld */; };
		A33FEE1625004D2700316B54 /* Location+CoreDataClass.swift in Sources */ = {isa = PBXBuildFile; fileRef = A33FEE1425004D2700316B54 /* Location+CoreDataClass.swift */; };
		A33FEE1725004D2700316B54 /* Location+CoreDataProperties.swift in Sources */ = {isa = PBXBuildFile; fileRef = A33FEE1525004D2700316B54 /* Location+CoreDataProperties.swift */; };
		A33FEE1A250158A600316B54 /* LocationsViewController.swift in Sources */ = {isa = PBXBuildFile; fileRef = A33FEE19250158A600316B54 /* LocationsViewController.swift */; };
		A33FEE1C25015EDD00316B54 /* LocationCell.swift in Sources */ = {isa = PBXBuildFile; fileRef = A33FEE1B25015EDD00316B54 /* LocationCell.swift */; };
		A33FEE1E2501808700316B54 /* MapViewController.swift in Sources */ = {isa = PBXBuildFile; fileRef = A33FEE1D2501808700316B54 /* MapViewController.swift */; };
		A33FEE2125045CA700316B54 /* UIImage+Resize.swift in Sources */ = {isa = PBXBuildFile; fileRef = A33FEE2025045CA700316B54 /* UIImage+Resize.swift */; };
		A33FEE232507D89400316B54 /* String+AddText.swift in Sources */ = {isa = PBXBuildFile; fileRef = A33FEE222507D89400316B54 /* String+AddText.swift */; };
		A33FEE252507E28D00316B54 /* MyTabBarController.swift in Sources */ = {isa = PBXBuildFile; fileRef = A33FEE242507E28D00316B54 /* MyTabBarController.swift */; };
		A33FEE272507E35A00316B54 /* MyImagePickerController.swift in Sources */ = {isa = PBXBuildFile; fileRef = A33FEE262507E35A00316B54 /* MyImagePickerController.swift */; };
		A33FEE2A2508202D00316B54 /* Sound.caf in Resources */ = {isa = PBXBuildFile; fileRef = A33FEE292508202D00316B54 /* Sound.caf */; };
		A3B5C90C24FEA83E00864F73 /* AppDelegate.swift in Sources */ = {isa = PBXBuildFile; fileRef = A3B5C90B24FEA83E00864F73 /* AppDelegate.swift */; };
		A3B5C90E24FEA83E00864F73 /* SceneDelegate.swift in Sources */ = {isa = PBXBuildFile; fileRef = A3B5C90D24FEA83E00864F73 /* SceneDelegate.swift */; };
		A3B5C91024FEA83E00864F73 /* CurrentLocationViewController.swift in Sources */ = {isa = PBXBuildFile; fileRef = A3B5C90F24FEA83E00864F73 /* CurrentLocationViewController.swift */; };
		A3B5C91524FEA83E00864F73 /* Main.storyboard in Resources */ = {isa = PBXBuildFile; fileRef = A3B5C91324FEA83E00864F73 /* Main.storyboard */; };
		A3B5C91724FEA84100864F73 /* Assets.xcassets in Resources */ = {isa = PBXBuildFile; fileRef = A3B5C91624FEA84100864F73 /* Assets.xcassets */; };
		A3B5C91A24FEA84100864F73 /* LaunchScreen.storyboard in Resources */ = {isa = PBXBuildFile; fileRef = A3B5C91824FEA84100864F73 /* LaunchScreen.storyboard */; };
		A3B5C92724FFD39C00864F73 /* LocationDetailsViewController.swift in Sources */ = {isa = PBXBuildFile; fileRef = A3B5C92624FFD39C00864F73 /* LocationDetailsViewController.swift */; };
		A3B5C92924FFF00B00864F73 /* CategoryPickerViewController.swift in Sources */ = {isa = PBXBuildFile; fileRef = A3B5C92824FFF00B00864F73 /* CategoryPickerViewController.swift */; };
/* End PBXBuildFile section */

/* Begin PBXFileReference section */
		A33FEE0B2500205900316B54 /* HudView.swift */ = {isa = PBXFileReference; lastKnownFileType = sourcecode.swift; path = HudView.swift; sourceTree = "<group>"; };
		A33FEE0E25002DA100316B54 /* Functions.swift */ = {isa = PBXFileReference; lastKnownFileType = sourcecode.swift; path = Functions.swift; sourceTree = "<group>"; };
		A33FEE1125004A8B00316B54 /* DataModel.xcdatamodel */ = {isa = PBXFileReference; lastKnownFileType = wrapper.xcdatamodel; path = DataModel.xcdatamodel; sourceTree = "<group>"; };
		A33FEE1425004D2700316B54 /* Location+CoreDataClass.swift */ = {isa = PBXFileReference; lastKnownFileType = sourcecode.swift; path = "Location+CoreDataClass.swift"; sourceTree = "<group>"; };
		A33FEE1525004D2700316B54 /* Location+CoreDataProperties.swift */ = {isa = PBXFileReference; lastKnownFileType = sourcecode.swift; path = "Location+CoreDataProperties.swift"; sourceTree = "<group>"; };
		A33FEE19250158A600316B54 /* LocationsViewController.swift */ = {isa = PBXFileReference; lastKnownFileType = sourcecode.swift; path = LocationsViewController.swift; sourceTree = "<group>"; };
		A33FEE1B25015EDD00316B54 /* LocationCell.swift */ = {isa = PBXFileReference; lastKnownFileType = sourcecode.swift; path = LocationCell.swift; sourceTree = "<group>"; };
		A33FEE1D2501808700316B54 /* MapViewController.swift */ = {isa = PBXFileReference; lastKnownFileType = sourcecode.swift; path = MapViewController.swift; sourceTree = "<group>"; };
		A33FEE2025045CA700316B54 /* UIImage+Resize.swift */ = {isa = PBXFileReference; lastKnownFileType = sourcecode.swift; path = "UIImage+Resize.swift"; sourceTree = "<group>"; };
		A33FEE222507D89400316B54 /* String+AddText.swift */ = {isa = PBXFileReference; lastKnownFileType = sourcecode.swift; path = "String+AddText.swift"; sourceTree = "<group>"; };
		A33FEE242507E28D00316B54 /* MyTabBarController.swift */ = {isa = PBXFileReference; lastKnownFileType = sourcecode.swift; path = MyTabBarController.swift; sourceTree = "<group>"; };
		A33FEE262507E35A00316B54 /* MyImagePickerController.swift */ = {isa = PBXFileReference; lastKnownFileType = sourcecode.swift; path = MyImagePickerController.swift; sourceTree = "<group>"; };
		A33FEE292508202D00316B54 /* Sound.caf */ = {isa = PBXFileReference; lastKnownFileType = file; path = Sound.caf; sourceTree = "<group>"; };
		A3B5C90824FEA83E00864F73 /* MyLocations.app */ = {isa = PBXFileReference; explicitFileType = wrapper.application; includeInIndex = 0; path = MyLocations.app; sourceTree = BUILT_PRODUCTS_DIR; };
		A3B5C90B24FEA83E00864F73 /* AppDelegate.swift */ = {isa = PBXFileReference; lastKnownFileType = sourcecode.swift; path = AppDelegate.swift; sourceTree = "<group>"; };
		A3B5C90D24FEA83E00864F73 /* SceneDelegate.swift */ = {isa = PBXFileReference; lastKnownFileType = sourcecode.swift; path = SceneDelegate.swift; sourceTree = "<group>"; };
		A3B5C90F24FEA83E00864F73 /* CurrentLocationViewController.swift */ = {isa = PBXFileReference; lastKnownFileType = sourcecode.swift; path = CurrentLocationViewController.swift; sourceTree = "<group>"; };
		A3B5C91424FEA83E00864F73 /* Base */ = {isa = PBXFileReference; lastKnownFileType = file.storyboard; name = Base; path = Base.lproj/Main.storyboard; sourceTree = "<group>"; };
		A3B5C91624FEA84100864F73 /* Assets.xcassets */ = {isa = PBXFileReference; lastKnownFileType = folder.assetcatalog; path = Assets.xcassets; sourceTree = "<group>"; };
		A3B5C91924FEA84100864F73 /* Base */ = {isa = PBXFileReference; lastKnownFileType = file.storyboard; name = Base; path = Base.lproj/LaunchScreen.storyboard; sourceTree = "<group>"; };
		A3B5C91B24FEA84100864F73 /* Info.plist */ = {isa = PBXFileReference; lastKnownFileType = text.plist.xml; path = Info.plist; sourceTree = "<group>"; };
		A3B5C92124FEA88400864F73 /* README.md */ = {isa = PBXFileReference; lastKnownFileType = net.daringfireball.markdown; path = README.md; sourceTree = "<group>"; };
		A3B5C92624FFD39C00864F73 /* LocationDetailsViewController.swift */ = {isa = PBXFileReference; lastKnownFileType = sourcecode.swift; path = LocationDetailsViewController.swift; sourceTree = "<group>"; };
		A3B5C92824FFF00B00864F73 /* CategoryPickerViewController.swift */ = {isa = PBXFileReference; lastKnownFileType = sourcecode.swift; path = CategoryPickerViewController.swift; sourceTree = "<group>"; };
/* End PBXFileReference section */

/* Begin PBXFrameworksBuildPhase section */
		A3B5C90524FEA83E00864F73 /* Frameworks */ = {
			isa = PBXFrameworksBuildPhase;
			buildActionMask = 2147483647;
			files = (
			);
			runOnlyForDeploymentPostprocessing = 0;
		};
/* End PBXFrameworksBuildPhase section */

/* Begin PBXGroup section */
		A33FEE0D2500206700316B54 /* Views */ = {
			isa = PBXGroup;
			children = (
				A33FEE0B2500205900316B54 /* HudView.swift */,
				A33FEE1B25015EDD00316B54 /* LocationCell.swift */,
			);
			path = Views;
			sourceTree = "<group>";
		};
		A33FEE1325004A9900316B54 /* Shared */ = {
			isa = PBXGroup;
			children = (
				A33FEE0E25002DA100316B54 /* Functions.swift */,
				A33FEE242507E28D00316B54 /* MyTabBarController.swift */,
				A33FEE262507E35A00316B54 /* MyImagePickerController.swift */,
			);
			path = Shared;
			sourceTree = "<group>";
		};
		A33FEE1825004D3200316B54 /* Data Model */ = {
			isa = PBXGroup;
			children = (
				A33FEE1025004A8B00316B54 /* DataModel.xcdatamodeld */,
				A33FEE1425004D2700316B54 /* Location+CoreDataClass.swift */,
				A33FEE1525004D2700316B54 /* Location+CoreDataProperties.swift */,
			);
			path = "Data Model";
			sourceTree = "<group>";
		};
		A33FEE1F25045C8B00316B54 /* Utils */ = {
			isa = PBXGroup;
			children = (
				A33FEE2025045CA700316B54 /* UIImage+Resize.swift */,
				A33FEE222507D89400316B54 /* String+AddText.swift */,
			);
			path = Utils;
			sourceTree = "<group>";
		};
		A33FEE282508202D00316B54 /* Sound */ = {
			isa = PBXGroup;
			children = (
				A33FEE292508202D00316B54 /* Sound.caf */,
			);
			path = Sound;
			sourceTree = "<group>";
		};
		A3B5C8FF24FEA83E00864F73 = {
			isa = PBXGroup;
			children = (
				A3B5C90A24FEA83E00864F73 /* MyLocations */,
				A3B5C92124FEA88400864F73 /* README.md */,
				A3B5C90924FEA83E00864F73 /* Products */,
			);
			sourceTree = "<group>";
		};
		A3B5C90924FEA83E00864F73 /* Products */ = {
			isa = PBXGroup;
			children = (
				A3B5C90824FEA83E00864F73 /* MyLocations.app */,
			);
			name = Products;
			sourceTree = "<group>";
		};
		A3B5C90A24FEA83E00864F73 /* MyLocations */ = {
			isa = PBXGroup;
			children = (
				A3B5C92224FEA9C400864F73 /* Application Delegate */,
				A3B5C92324FEA9D300864F73 /* View Controllers */,
				A33FEE0D2500206700316B54 /* Views */,
				A3B5C92524FEA9EF00864F73 /* Storyboards */,
				A33FEE1825004D3200316B54 /* Data Model */,
				A33FEE1325004A9900316B54 /* Shared */,
				A33FEE1F25045C8B00316B54 /* Utils */,
				A3B5C92424FEA9E400864F73 /* Assets */,
				A3B5C91B24FEA84100864F73 /* Info.plist */,
			);
			path = MyLocations;
			sourceTree = "<group>";
		};
		A3B5C92224FEA9C400864F73 /* Application Delegate */ = {
			isa = PBXGroup;
			children = (
				A3B5C90B24FEA83E00864F73 /* AppDelegate.swift */,
				A3B5C90D24FEA83E00864F73 /* SceneDelegate.swift */,
			);
			path = "Application Delegate";
			sourceTree = "<group>";
		};
		A3B5C92324FEA9D300864F73 /* View Controllers */ = {
			isa = PBXGroup;
			children = (
				A3B5C92824FFF00B00864F73 /* CategoryPickerViewController.swift */,
				A3B5C90F24FEA83E00864F73 /* CurrentLocationViewController.swift */,
				A3B5C92624FFD39C00864F73 /* LocationDetailsViewController.swift */,
				A33FEE19250158A600316B54 /* LocationsViewController.swift */,
				A33FEE1D2501808700316B54 /* MapViewController.swift */,
			);
			path = "View Controllers";
			sourceTree = "<group>";
		};
		A3B5C92424FEA9E400864F73 /* Assets */ = {
			isa = PBXGroup;
			children = (
				A3B5C91624FEA84100864F73 /* Assets.xcassets */,
				A33FEE282508202D00316B54 /* Sound */,
			);
			path = Assets;
			sourceTree = "<group>";
		};
		A3B5C92524FEA9EF00864F73 /* Storyboards */ = {
			isa = PBXGroup;
			children = (
				A3B5C91324FEA83E00864F73 /* Main.storyboard */,
				A3B5C91824FEA84100864F73 /* LaunchScreen.storyboard */,
			);
			path = Storyboards;
			sourceTree = "<group>";
		};
/* End PBXGroup section */

/* Begin PBXNativeTarget section */
		A3B5C90724FEA83E00864F73 /* MyLocations */ = {
			isa = PBXNativeTarget;
			buildConfigurationList = A3B5C91E24FEA84100864F73 /* Build configuration list for PBXNativeTarget "MyLocations" */;
			buildPhases = (
				A3B5C90424FEA83E00864F73 /* Sources */,
				A3B5C90524FEA83E00864F73 /* Frameworks */,
				A3B5C90624FEA83E00864F73 /* Resources */,
			);
			buildRules = (
			);
			dependencies = (
			);
			name = MyLocations;
			productName = MyLocations;
			productReference = A3B5C90824FEA83E00864F73 /* MyLocations.app */;
			productType = "com.apple.product-type.application";
		};
/* End PBXNativeTarget section */

/* Begin PBXProject section */
		A3B5C90024FEA83E00864F73 /* Project object */ = {
			isa = PBXProject;
			attributes = {
				LastSwiftUpdateCheck = 1140;
				LastUpgradeCheck = 1140;
				ORGANIZATIONNAME = "Rising Dev Habits";
				TargetAttributes = {
					A3B5C90724FEA83E00864F73 = {
						CreatedOnToolsVersion = 11.4;
					};
				};
			};
			buildConfigurationList = A3B5C90324FEA83E00864F73 /* Build configuration list for PBXProject "MyLocations" */;
			compatibilityVersion = "Xcode 9.3";
			developmentRegion = en;
			hasScannedForEncodings = 0;
			knownRegions = (
				en,
				Base,
			);
			mainGroup = A3B5C8FF24FEA83E00864F73;
			productRefGroup = A3B5C90924FEA83E00864F73 /* Products */;
			projectDirPath = "";
			projectRoot = "";
			targets = (
				A3B5C90724FEA83E00864F73 /* MyLocations */,
			);
		};
/* End PBXProject section */

/* Begin PBXResourcesBuildPhase section */
		A3B5C90624FEA83E00864F73 /* Resources */ = {
			isa = PBXResourcesBuildPhase;
			buildActionMask = 2147483647;
			files = (
				A3B5C91A24FEA84100864F73 /* LaunchScreen.storyboard in Resources */,
				A3B5C91724FEA84100864F73 /* Assets.xcassets in Resources */,
				A33FEE2A2508202D00316B54 /* Sound.caf in Resources */,
				A3B5C91524FEA83E00864F73 /* Main.storyboard in Resources */,
			);
			runOnlyForDeploymentPostprocessing = 0;
		};
/* End PBXResourcesBuildPhase section */

/* Begin PBXSourcesBuildPhase section */
		A3B5C90424FEA83E00864F73 /* Sources */ = {
			isa = PBXSourcesBuildPhase;
			buildActionMask = 2147483647;
			files = (
				A3B5C92924FFF00B00864F73 /* CategoryPickerViewController.swift in Sources */,
				A33FEE1725004D2700316B54 /* Location+CoreDataProperties.swift in Sources */,
				A3B5C91024FEA83E00864F73 /* CurrentLocationViewController.swift in Sources */,
				A33FEE272507E35A00316B54 /* MyImagePickerController.swift in Sources */,
				A33FEE0F25002DA100316B54 /* Functions.swift in Sources */,
				A33FEE1C25015EDD00316B54 /* LocationCell.swift in Sources */,
				A3B5C90C24FEA83E00864F73 /* AppDelegate.swift in Sources */,
				A3B5C90E24FEA83E00864F73 /* SceneDelegate.swift in Sources */,
				A33FEE2125045CA700316B54 /* UIImage+Resize.swift in Sources */,
				A33FEE1225004A8B00316B54 /* DataModel.xcdatamodeld in Sources */,
				A33FEE252507E28D00316B54 /* MyTabBarController.swift in Sources */,
				A33FEE0C2500205900316B54 /* HudView.swift in Sources */,
				A33FEE1625004D2700316B54 /* Location+CoreDataClass.swift in Sources */,
				A3B5C92724FFD39C00864F73 /* LocationDetailsViewController.swift in Sources */,
				A33FEE1A250158A600316B54 /* LocationsViewController.swift in Sources */,
				A33FEE1E2501808700316B54 /* MapViewController.swift in Sources */,
				A33FEE232507D89400316B54 /* String+AddText.swift in Sources */,
			);
			runOnlyForDeploymentPostprocessing = 0;
		};
/* End PBXSourcesBuildPhase section */

/* Begin PBXVariantGroup section */
		A3B5C91324FEA83E00864F73 /* Main.storyboard */ = {
			isa = PBXVariantGroup;
			children = (
				A3B5C91424FEA83E00864F73 /* Base */,
			);
			name = Main.storyboard;
			sourceTree = "<group>";
		};
		A3B5C91824FEA84100864F73 /* LaunchScreen.storyboard */ = {
			isa = PBXVariantGroup;
			children = (
				A3B5C91924FEA84100864F73 /* Base */,
			);
			name = LaunchScreen.storyboard;
			sourceTree = "<group>";
		};
/* End PBXVariantGroup section */

/* Begin XCBuildConfiguration section */
		A3B5C91C24FEA84100864F73 /* Debug */ = {
			isa = XCBuildConfiguration;
			buildSettings = {
				ALWAYS_SEARCH_USER_PATHS = NO;
				CLANG_ANALYZER_NONNULL = YES;
				CLANG_ANALYZER_NUMBER_OBJECT_CONVERSION = YES_AGGRESSIVE;
				CLANG_CXX_LANGUAGE_STANDARD = "gnu++14";
				CLANG_CXX_LIBRARY = "libc++";
				CLANG_ENABLE_MODULES = YES;
				CLANG_ENABLE_OBJC_ARC = YES;
				CLANG_ENABLE_OBJC_WEAK = YES;
				CLANG_WARN_BLOCK_CAPTURE_AUTORELEASING = YES;
				CLANG_WARN_BOOL_CONVERSION = YES;
				CLANG_WARN_COMMA = YES;
				CLANG_WARN_CONSTANT_CONVERSION = YES;
				CLANG_WARN_DEPRECATED_OBJC_IMPLEMENTATIONS = YES;
				CLANG_WARN_DIRECT_OBJC_ISA_USAGE = YES_ERROR;
				CLANG_WARN_DOCUMENTATION_COMMENTS = YES;
				CLANG_WARN_EMPTY_BODY = YES;
				CLANG_WARN_ENUM_CONVERSION = YES;
				CLANG_WARN_INFINITE_RECURSION = YES;
				CLANG_WARN_INT_CONVERSION = YES;
				CLANG_WARN_NON_LITERAL_NULL_CONVERSION = YES;
				CLANG_WARN_OBJC_IMPLICIT_RETAIN_SELF = YES;
				CLANG_WARN_OBJC_LITERAL_CONVERSION = YES;
				CLANG_WARN_OBJC_ROOT_CLASS = YES_ERROR;
				CLANG_WARN_RANGE_LOOP_ANALYSIS = YES;
				CLANG_WARN_STRICT_PROTOTYPES = YES;
				CLANG_WARN_SUSPICIOUS_MOVE = YES;
				CLANG_WARN_UNGUARDED_AVAILABILITY = YES_AGGRESSIVE;
				CLANG_WARN_UNREACHABLE_CODE = YES;
				CLANG_WARN__DUPLICATE_METHOD_MATCH = YES;
				COPY_PHASE_STRIP = NO;
				DEBUG_INFORMATION_FORMAT = dwarf;
				ENABLE_STRICT_OBJC_MSGSEND = YES;
				ENABLE_TESTABILITY = YES;
				GCC_C_LANGUAGE_STANDARD = gnu11;
				GCC_DYNAMIC_NO_PIC = NO;
				GCC_NO_COMMON_BLOCKS = YES;
				GCC_OPTIMIZATION_LEVEL = 0;
				GCC_PREPROCESSOR_DEFINITIONS = (
					"DEBUG=1",
					"$(inherited)",
				);
				GCC_WARN_64_TO_32_BIT_CONVERSION = YES;
				GCC_WARN_ABOUT_RETURN_TYPE = YES_ERROR;
				GCC_WARN_UNDECLARED_SELECTOR = YES;
				GCC_WARN_UNINITIALIZED_AUTOS = YES_AGGRESSIVE;
				GCC_WARN_UNUSED_FUNCTION = YES;
				GCC_WARN_UNUSED_VARIABLE = YES;
				IPHONEOS_DEPLOYMENT_TARGET = 13.4;
				MTL_ENABLE_DEBUG_INFO = INCLUDE_SOURCE;
				MTL_FAST_MATH = YES;
				ONLY_ACTIVE_ARCH = YES;
				SDKROOT = iphoneos;
				SWIFT_ACTIVE_COMPILATION_CONDITIONS = DEBUG;
				SWIFT_OPTIMIZATION_LEVEL = "-Onone";
			};
			name = Debug;
		};
		A3B5C91D24FEA84100864F73 /* Release */ = {
			isa = XCBuildConfiguration;
			buildSettings = {
				ALWAYS_SEARCH_USER_PATHS = NO;
				CLANG_ANALYZER_NONNULL = YES;
				CLANG_ANALYZER_NUMBER_OBJECT_CONVERSION = YES_AGGRESSIVE;
				CLANG_CXX_LANGUAGE_STANDARD = "gnu++14";
				CLANG_CXX_LIBRARY = "libc++";
				CLANG_ENABLE_MODULES = YES;
				CLANG_ENABLE_OBJC_ARC = YES;
				CLANG_ENABLE_OBJC_WEAK = YES;
				CLANG_WARN_BLOCK_CAPTURE_AUTORELEASING = YES;
				CLANG_WARN_BOOL_CONVERSION = YES;
				CLANG_WARN_COMMA = YES;
				CLANG_WARN_CONSTANT_CONVERSION = YES;
				CLANG_WARN_DEPRECATED_OBJC_IMPLEMENTATIONS = YES;
				CLANG_WARN_DIRECT_OBJC_ISA_USAGE = YES_ERROR;
				CLANG_WARN_DOCUMENTATION_COMMENTS = YES;
				CLANG_WARN_EMPTY_BODY = YES;
				CLANG_WARN_ENUM_CONVERSION = YES;
				CLANG_WARN_INFINITE_RECURSION = YES;
				CLANG_WARN_INT_CONVERSION = YES;
				CLANG_WARN_NON_LITERAL_NULL_CONVERSION = YES;
				CLANG_WARN_OBJC_IMPLICIT_RETAIN_SELF = YES;
				CLANG_WARN_OBJC_LITERAL_CONVERSION = YES;
				CLANG_WARN_OBJC_ROOT_CLASS = YES_ERROR;
				CLANG_WARN_RANGE_LOOP_ANALYSIS = YES;
				CLANG_WARN_STRICT_PROTOTYPES = YES;
				CLANG_WARN_SUSPICIOUS_MOVE = YES;
				CLANG_WARN_UNGUARDED_AVAILABILITY = YES_AGGRESSIVE;
				CLANG_WARN_UNREACHABLE_CODE = YES;
				CLANG_WARN__DUPLICATE_METHOD_MATCH = YES;
				COPY_PHASE_STRIP = NO;
				DEBUG_INFORMATION_FORMAT = "dwarf-with-dsym";
				ENABLE_NS_ASSERTIONS = NO;
				ENABLE_STRICT_OBJC_MSGSEND = YES;
				GCC_C_LANGUAGE_STANDARD = gnu11;
				GCC_NO_COMMON_BLOCKS = YES;
				GCC_WARN_64_TO_32_BIT_CONVERSION = YES;
				GCC_WARN_ABOUT_RETURN_TYPE = YES_ERROR;
				GCC_WARN_UNDECLARED_SELECTOR = YES;
				GCC_WARN_UNINITIALIZED_AUTOS = YES_AGGRESSIVE;
				GCC_WARN_UNUSED_FUNCTION = YES;
				GCC_WARN_UNUSED_VARIABLE = YES;
				IPHONEOS_DEPLOYMENT_TARGET = 13.4;
				MTL_ENABLE_DEBUG_INFO = NO;
				MTL_FAST_MATH = YES;
				SDKROOT = iphoneos;
				SWIFT_COMPILATION_MODE = wholemodule;
				SWIFT_OPTIMIZATION_LEVEL = "-O";
				VALIDATE_PRODUCT = YES;
			};
			name = Release;
		};
		A3B5C91F24FEA84100864F73 /* Debug */ = {
			isa = XCBuildConfiguration;
			buildSettings = {
				ASSETCATALOG_COMPILER_APPICON_NAME = AppIcon;
				CODE_SIGN_STYLE = Automatic;
				DEVELOPMENT_TEAM = TD4Q99PXA9;
				INFOPLIST_FILE = MyLocations/Info.plist;
				LD_RUNPATH_SEARCH_PATHS = (
					"$(inherited)",
					"@executable_path/Frameworks",
				);
				PRODUCT_BUNDLE_IDENTIFIER = com.risingdevhabits.MyLocations;
				PRODUCT_NAME = "$(TARGET_NAME)";
				SWIFT_VERSION = 5.0;
				TARGETED_DEVICE_FAMILY = "1,2";
			};
			name = Debug;
		};
		A3B5C92024FEA84100864F73 /* Release */ = {
			isa = XCBuildConfiguration;
			buildSettings = {
				ASSETCATALOG_COMPILER_APPICON_NAME = AppIcon;
				CODE_SIGN_STYLE = Automatic;
				DEVELOPMENT_TEAM = TD4Q99PXA9;
				INFOPLIST_FILE = MyLocations/Info.plist;
				LD_RUNPATH_SEARCH_PATHS = (
					"$(inherited)",
					"@executable_path/Frameworks",
				);
				PRODUCT_BUNDLE_IDENTIFIER = com.risingdevhabits.MyLocations;
				PRODUCT_NAME = "$(TARGET_NAME)";
				SWIFT_VERSION = 5.0;
				TARGETED_DEVICE_FAMILY = "1,2";
			};
			name = Release;
		};
/* End XCBuildConfiguration section */

/* Begin XCConfigurationList section */
		A3B5C90324FEA83E00864F73 /* Build configuration list for PBXProject "MyLocations" */ = {
			isa = XCConfigurationList;
			buildConfigurations = (
				A3B5C91C24FEA84100864F73 /* Debug */,
				A3B5C91D24FEA84100864F73 /* Release */,
			);
			defaultConfigurationIsVisible = 0;
			defaultConfigurationName = Release;
		};
		A3B5C91E24FEA84100864F73 /* Build configuration list for PBXNativeTarget "MyLocations" */ = {
			isa = XCConfigurationList;
			buildConfigurations = (
				A3B5C91F24FEA84100864F73 /* Debug */,
				A3B5C92024FEA84100864F73 /* Release */,
			);
			defaultConfigurationIsVisible = 0;
			defaultConfigurationName = Release;
		};
/* End XCConfigurationList section */

/* Begin XCVersionGroup section */
		A33FEE1025004A8B00316B54 /* DataModel.xcdatamodeld */ = {
			isa = XCVersionGroup;
			children = (
				A33FEE1125004A8B00316B54 /* DataModel.xcdatamodel */,
			);
			currentVersion = A33FEE1125004A8B00316B54 /* DataModel.xcdatamodel */;
			path = DataModel.xcdatamodeld;
			sourceTree = "<group>";
			versionGroupType = wrapper.xcdatamodel;
		};
/* End XCVersionGroup section */
	};
	rootObject = A3B5C90024FEA83E00864F73 /* Project object */;
}
